
Microsoft Visual Studio Solution File, Format Version 12.00
# Visual Studio Version 16
VisualStudioVersion = 16.0.29102.190
MinimumVisualStudioVersion = 10.0.40219.1
Project("{9A19103F-16F7-4668-BE54-9A1E7A4F7556}") = "Task01", "Task01\Task01.csproj", "{74B58168-B782-4BB8-B535-18CB86665537}"
EndProject
Project("{FAE04EC0-301F-11D3-BF4B-00C04F79EFBC}") = "Task02", "Task02\Task02.csproj", "{0080FB96-AA8A-4143-97BE-7EE770657097}"
EndProject
Global
	GlobalSection(SolutionConfigurationPlatforms) = preSolution
		Debug|Any CPU = Debug|Any CPU
		Release|Any CPU = Release|Any CPU
	EndGlobalSection
	GlobalSection(ProjectConfigurationPlatforms) = postSolution
		{74B58168-B782-4BB8-B535-18CB86665537}.Debug|Any CPU.ActiveCfg = Debug|Any CPU
		{74B58168-B782-4BB8-B535-18CB86665537}.Debug|Any CPU.Build.0 = Debug|Any CPU
		{74B58168-B782-4BB8-B535-18CB86665537}.Release|Any CPU.ActiveCfg = Release|Any CPU
		{74B58168-B782-4BB8-B535-18CB86665537}.Release|Any CPU.Build.0 = Release|Any CPU
		{0080FB96-AA8A-4143-97BE-7EE770657097}.Debug|Any CPU.ActiveCfg = Debug|Any CPU
		{0080FB96-AA8A-4143-97BE-7EE770657097}.Debug|Any CPU.Build.0 = Debug|Any CPU
		{0080FB96-AA8A-4143-97BE-7EE770657097}.Release|Any CPU.ActiveCfg = Release|Any CPU
		{0080FB96-AA8A-4143-97BE-7EE770657097}.Release|Any CPU.Build.0 = Release|Any CPU
	EndGlobalSection
	GlobalSection(SolutionProperties) = preSolution
		HideSolutionNode = FALSE
	EndGlobalSection
	GlobalSection(ExtensibilityGlobals) = postSolution
		SolutionGuid = {A27088DA-FBFE-45C3-8712-15AD6650CC57}
	EndGlobalSection
EndGlobal
